
Microsoft Visual Studio Solution File, Format Version 12.00
# Visual Studio Version 17
VisualStudioVersion = 17.5.002.0
MinimumVisualStudioVersion = 10.0.40219.1
Project("{9A19103F-16F7-4668-BE54-9A1E7A4F7556}") = "CPK-Bot", "CPK-Bot.csproj", "{B7A28D8B-FBAE-4D97-9C35-0150E1C44ACB}"
EndProject
Global
	GlobalSection(SolutionConfigurationPlatforms) = preSolution
		Debug|Any CPU = Debug|Any CPU
		Release|Any CPU = Release|Any CPU
	EndGlobalSection
	GlobalSection(ProjectConfigurationPlatforms) = postSolution
		{B7A28D8B-FBAE-4D97-9C35-0150E1C44ACB}.Debug|Any CPU.ActiveCfg = Debug|Any CPU
		{B7A28D8B-FBAE-4D97-9C35-0150E1C44ACB}.Debug|Any CPU.Build.0 = Debug|Any CPU
		{B7A28D8B-FBAE-4D97-9C35-0150E1C44ACB}.Release|Any CPU.ActiveCfg = Release|Any CPU
		{B7A28D8B-FBAE-4D97-9C35-0150E1C44ACB}.Release|Any CPU.Build.0 = Release|Any CPU
	EndGlobalSection
	GlobalSection(SolutionProperties) = preSolution
		HideSolutionNode = FALSE
	EndGlobalSection
	GlobalSection(ExtensibilityGlobals) = postSolution
		SolutionGuid = {CF0575E2-0223-4014-9002-3BA1E679C473}
	EndGlobalSection
EndGlobal
